
Microsoft Visual Studio Solution File, Format Version 12.00
# Visual Studio 15
VisualStudioVersion = 15.0.27703.2026
MinimumVisualStudioVersion = 10.0.40219.1
Project("{FAE04EC0-301F-11D3-BF4B-00C04F79EFBC}") = "WpfApp1", "WpfApp1\WpfApp1.csproj", "{13F4E3D0-C17C-4FBC-B9F1-F5FD68EAA3DF}"
EndProject
Global
	GlobalSection(SolutionConfigurationPlatforms) = preSolution
		Debug|Any CPU = Debug|Any CPU
		Release|Any CPU = Release|Any CPU
	EndGlobalSection
	GlobalSection(ProjectConfigurationPlatforms) = postSolution
		{13F4E3D0-C17C-4FBC-B9F1-F5FD68EAA3DF}.Debug|Any CPU.ActiveCfg = Debug|Any CPU
		{13F4E3D0-C17C-4FBC-B9F1-F5FD68EAA3DF}.Debug|Any CPU.Build.0 = Debug|Any CPU
		{13F4E3D0-C17C-4FBC-B9F1-F5FD68EAA3DF}.Release|Any CPU.ActiveCfg = Release|Any CPU
		{13F4E3D0-C17C-4FBC-B9F1-F5FD68EAA3DF}.Release|Any CPU.Build.0 = Release|Any CPU
	EndGlobalSection
	GlobalSection(SolutionProperties) = preSolution
		HideSolutionNode = FALSE
	EndGlobalSection
	GlobalSection(ExtensibilityGlobals) = postSolution
		SolutionGuid = {2687C1C4-1C2D-4CDD-8E2D-8DA079A9EB7C}
	EndGlobalSection
EndGlobal
